
Microsoft Visual Studio Solution File, Format Version 11.00
# Visual Studio 2010
Project("{FAE04EC0-301F-11D3-BF4B-00C04F79EFBC}") = "Last Code", "Last Code\Last Code.csproj", "{C90BB6BD-1CCB-42AC-81B4-B70097C62BB0}"
EndProject
Global
	GlobalSection(SolutionConfigurationPlatforms) = preSolution
		Debug|x86 = Debug|x86
		Release|x86 = Release|x86
	EndGlobalSection
	GlobalSection(ProjectConfigurationPlatforms) = postSolution
		{C90BB6BD-1CCB-42AC-81B4-B70097C62BB0}.Debug|x86.ActiveCfg = Debug|x86
		{C90BB6BD-1CCB-42AC-81B4-B70097C62BB0}.Debug|x86.Build.0 = Debug|x86
		{C90BB6BD-1CCB-42AC-81B4-B70097C62BB0}.Release|x86.ActiveCfg = Release|x86
		{C90BB6BD-1CCB-42AC-81B4-B70097C62BB0}.Release|x86.Build.0 = Release|x86
	EndGlobalSection
	GlobalSection(SolutionProperties) = preSolution
		HideSolutionNode = FALSE
	EndGlobalSection
EndGlobal
